{
  "version": 4,
  "terraform_version": "1.14.1",
  "serial": 1,
  "lineage": "54079acb-c036-34cd-59e2-adcb8f487d1c",
  "outputs": {
    "webapp_file_path": {
      "value": "./webapp/src/index.js",
      "type": "string"
    }
  },
  "resources": [
    {
      "mode": "managed",
      "type": "local_file",
      "name": "webapp_app",
      "provider": "provider[\"registry.terraform.io/hashicorp/local\"]",
      "instances": [
        {
          "schema_version": 0,
          "attributes": {
            "content": "console.log(\"Hello, Terraform!\");\r\n",
            "content_base64": null,
            "content_base64sha256": "y51zb1v6PWEzASzYzfYAnW2WIQ3Bbj21uEy1gs+VCK0=",
            "content_base64sha512": "y5ftxAc8CWszHM/msY5dMcaYdyNqnez3RM18Y5PnPeBrMLvWyFqiFfBCB7uqE7VQxkQEmbABh84INKKmVP0JDA==",
            "content_md5": "da01af26bf2f4f071bd6a26e3bad5c75",
            "content_sha1": "1e1bc7da8aa4f94722db94f7b809dc0cb08ce60a",
            "content_sha256": "cb9d736f5bfa3d6133012cd8cdf6009d6d96210dc16e3db5b84cb582cf9508ad",
            "content_sha512": "cb97edc4073c096b331ccfe6b18e5d31c69877236a9decf744cd7c6393e73de06b30bbd6c85aa215f04207bbaa13b550c6440499b00187ce0834a2a654fd090c",
            "directory_permission": "0777",
            "file_permission": "0777",
            "filename": "./webapp/src/index.js",
            "id": "1e1bc7da8aa4f94722db94f7b809dc0cb08ce60a",
            "sensitive_content": null,
            "source": null
          },
          "sensitive_attributes": [
            [
              {
                "type": "get_attr",
                "value": "sensitive_content"
              }
            ]
          ],
          "identity_schema_version": 0
        }
      ]
    }
  ],
  "check_results": null
}
